// !$*UTF8*$!
{
	archiveVersion = 1;
	classes = {
	};
	objectVersion = 50;
	objects = {

/* Begin PBXBuildFile section */
		28A4ECAF218C3E8D006BA67C /* AppDelegate.swift in Sources */ = {isa = PBXBuildFile; fileRef = 28A4ECAE218C3E8D006BA67C /* AppDelegate.swift */; };
		28A4ECB1218C3E8D006BA67C /* ViewController.swift in Sources */ = {isa = PBXBuildFile; fileRef = 28A4ECB0218C3E8D006BA67C /* ViewController.swift */; };
		28A4ECB4218C3E8D006BA67C /* Main.storyboard in Resources */ = {isa = PBXBuildFile; fileRef = 28A4ECB2218C3E8D006BA67C /* Main.storyboard */; };
		28A4ECB7218C3E8D006BA67C /* pb1.xcdatamodeld in Sources */ = {isa = PBXBuildFile; fileRef = 28A4ECB5218C3E8D006BA67C /* pb1.xcdatamodeld */; };
		28A4ECB9218C3E8D006BA67C /* Assets.xcassets in Resources */ = {isa = PBXBuildFile; fileRef = 28A4ECB8218C3E8D006BA67C /* Assets.xcassets */; };
		28A4ECBC218C3E8D006BA67C /* LaunchScreen.storyboard in Resources */ = {isa = PBXBuildFile; fileRef = 28A4ECBA218C3E8D006BA67C /* LaunchScreen.storyboard */; };
		28A4ECC8218C4163006BA67C /* Contacts.swift in Sources */ = {isa = PBXBuildFile; fileRef = 28A4ECC7218C4163006BA67C /* Contacts.swift */; };
		28A4ECCA218C4268006BA67C /* ConTableViewCell.swift in Sources */ = {isa = PBXBuildFile; fileRef = 28A4ECC9218C4268006BA67C /* ConTableViewCell.swift */; };
		28A4ECCC218C4E1C006BA67C /* EnterContactViewController.swift in Sources */ = {isa = PBXBuildFile; fileRef = 28A4ECCB218C4E1C006BA67C /* EnterContactViewController.swift */; };
		28A4ECCF218C54D7006BA67C /* Contacts+CoreDataClass.swift in Sources */ = {isa = PBXBuildFile; fileRef = 28A4ECCD218C54D7006BA67C /* Contacts+CoreDataClass.swift */; };
		28A4ECD0218C54D7006BA67C /* Contacts+CoreDataProperties.swift in Sources */ = {isa = PBXBuildFile; fileRef = 28A4ECCE218C54D7006BA67C /* Contacts+CoreDataProperties.swift */; };
		28A4ECD3218C5500006BA67C /* CoreData.framework in Frameworks */ = {isa = PBXBuildFile; fileRef = 28A4ECD2218C54FF006BA67C /* CoreData.framework */; };
/* End PBXBuildFile section */

/* Begin PBXFileReference section */
		28A4ECAB218C3E8D006BA67C /* pb1.app */ = {isa = PBXFileReference; explicitFileType = wrapper.application; includeInIndex = 0; path = pb1.app; sourceTree = BUILT_PRODUCTS_DIR; };
		28A4ECAE218C3E8D006BA67C /* AppDelegate.swift */ = {isa = PBXFileReference; lastKnownFileType = sourcecode.swift; path = AppDelegate.swift; sourceTree = "<group>"; };
		28A4ECB0218C3E8D006BA67C /* ViewController.swift */ = {isa = PBXFileReference; lastKnownFileType = sourcecode.swift; path = ViewController.swift; sourceTree = "<group>"; };
		28A4ECB3218C3E8D006BA67C /* Base */ = {isa = PBXFileReference; lastKnownFileType = file.storyboard; name = Base; path = Base.lproj/Main.storyboard; sourceTree = "<group>"; };
		28A4ECB6218C3E8D006BA67C /* pb1.xcdatamodel */ = {isa = PBXFileReference; lastKnownFileType = wrapper.xcdatamodel; path = pb1.xcdatamodel; sourceTree = "<group>"; };
		28A4ECB8218C3E8D006BA67C /* Assets.xcassets */ = {isa = PBXFileReference; lastKnownFileType = folder.assetcatalog; path = Assets.xcassets; sourceTree = "<group>"; };
		28A4ECBB218C3E8D006BA67C /* Base */ = {isa = PBXFileReference; lastKnownFileType = file.storyboard; name = Base; path = Base.lproj/LaunchScreen.storyboard; sourceTree = "<group>"; };
		28A4ECBD218C3E8D006BA67C /* Info.plist */ = {isa = PBXFileReference; lastKnownFileType = text.plist.xml; path = Info.plist; sourceTree = "<group>"; };
		28A4ECC7218C4163006BA67C /* Contacts.swift */ = {isa = PBXFileReference; lastKnownFileType = sourcecode.swift; path = Contacts.swift; sourceTree = "<group>"; };
		28A4ECC9218C4268006BA67C /* ConTableViewCell.swift */ = {isa = PBXFileReference; lastKnownFileType = sourcecode.swift; path = ConTableViewCell.swift; sourceTree = "<group>"; };
		28A4ECCB218C4E1C006BA67C /* EnterContactViewController.swift */ = {isa = PBXFileReference; lastKnownFileType = sourcecode.swift; path = EnterContactViewController.swift; sourceTree = "<group>"; };
		28A4ECCD218C54D7006BA67C /* Contacts+CoreDataClass.swift */ = {isa = PBXFileReference; lastKnownFileType = sourcecode.swift; path = "Contacts+CoreDataClass.swift"; sourceTree = "<group>"; };
		28A4ECCE218C54D7006BA67C /* Contacts+CoreDataProperties.swift */ = {isa = PBXFileReference; lastKnownFileType = sourcecode.swift; path = "Contacts+CoreDataProperties.swift"; sourceTree = "<group>"; };
		28A4ECD2218C54FF006BA67C /* CoreData.framework */ = {isa = PBXFileReference; lastKnownFileType = wrapper.framework; name = CoreData.framework; path = System/Library/Frameworks/CoreData.framework; sourceTree = SDKROOT; };
/* End PBXFileReference section */

/* Begin PBXFrameworksBuildPhase section */
		28A4ECA8218C3E8D006BA67C /* Frameworks */ = {
			isa = PBXFrameworksBuildPhase;
			buildActionMask = 2147483647;
			files = (
				28A4ECD3218C5500006BA67C /* CoreData.framework in Frameworks */,
			);
			runOnlyForDeploymentPostprocessing = 0;
		};
/* End PBXFrameworksBuildPhase section */

/* Begin PBXGroup section */
		28A4ECA2218C3E8D006BA67C = {
			isa = PBXGroup;
			children = (
				28A4ECAD218C3E8D006BA67C /* pb1 */,
				28A4ECAC218C3E8D006BA67C /* Products */,
				28A4ECD1218C54FF006BA67C /* Frameworks */,
			);
			sourceTree = "<group>";
		};
		28A4ECAC218C3E8D006BA67C /* Products */ = {
			isa = PBXGroup;
			children = (
				28A4ECAB218C3E8D006BA67C /* pb1.app */,
			);
			name = Products;
			sourceTree = "<group>";
		};
		28A4ECAD218C3E8D006BA67C /* pb1 */ = {
			isa = PBXGroup;
			children = (
				28A4ECCD218C54D7006BA67C /* Contacts+CoreDataClass.swift */,
				28A4ECCE218C54D7006BA67C /* Contacts+CoreDataProperties.swift */,
				28A4ECAE218C3E8D006BA67C /* AppDelegate.swift */,
				28A4ECB0218C3E8D006BA67C /* ViewController.swift */,
				28A4ECCB218C4E1C006BA67C /* EnterContactViewController.swift */,
				28A4ECB2218C3E8D006BA67C /* Main.storyboard */,
				28A4ECB8218C3E8D006BA67C /* Assets.xcassets */,
				28A4ECBA218C3E8D006BA67C /* LaunchScreen.storyboard */,
				28A4ECBD218C3E8D006BA67C /* Info.plist */,
				28A4ECB5218C3E8D006BA67C /* pb1.xcdatamodeld */,
				28A4ECC7218C4163006BA67C /* Contacts.swift */,
				28A4ECC9218C4268006BA67C /* ConTableViewCell.swift */,
			);
			path = pb1;
			sourceTree = "<group>";
		};
		28A4ECD1218C54FF006BA67C /* Frameworks */ = {
			isa = PBXGroup;
			children = (
				28A4ECD2218C54FF006BA67C /* CoreData.framework */,
			);
			name = Frameworks;
			sourceTree = "<group>";
		};
/* End PBXGroup section */

/* Begin PBXNativeTarget section */
		28A4ECAA218C3E8D006BA67C /* pb1 */ = {
			isa = PBXNativeTarget;
			buildConfigurationList = 28A4ECC0218C3E8D006BA67C /* Build configuration list for PBXNativeTarget "pb1" */;
			buildPhases = (
				28A4ECA7218C3E8D006BA67C /* Sources */,
				28A4ECA8218C3E8D006BA67C /* Frameworks */,
				28A4ECA9218C3E8D006BA67C /* Resources */,
			);
			buildRules = (
			);
			dependencies = (
			);
			name = pb1;
			productName = pb1;
			productReference = 28A4ECAB218C3E8D006BA67C /* pb1.app */;
			productType = "com.apple.product-type.application";
		};
/* End PBXNativeTarget section */

/* Begin PBXProject section */
		28A4ECA3218C3E8D006BA67C /* Project object */ = {
			isa = PBXProject;
			attributes = {
				LastSwiftUpdateCheck = 1000;
				LastUpgradeCheck = 1000;
				ORGANIZATIONNAME = apple;
				TargetAttributes = {
					28A4ECAA218C3E8D006BA67C = {
						CreatedOnToolsVersion = 10.0;
					};
				};
			};
			buildConfigurationList = 28A4ECA6218C3E8D006BA67C /* Build configuration list for PBXProject "pb1" */;
			compatibilityVersion = "Xcode 9.3";
			developmentRegion = en;
			hasScannedForEncodings = 0;
			knownRegions = (
				en,
				Base,
			);
			mainGroup = 28A4ECA2218C3E8D006BA67C;
			productRefGroup = 28A4ECAC218C3E8D006BA67C /* Products */;
			projectDirPath = "";
			projectRoot = "";
			targets = (
				28A4ECAA218C3E8D006BA67C /* pb1 */,
			);
		};
/* End PBXProject section */

/* Begin PBXResourcesBuildPhase section */
		28A4ECA9218C3E8D006BA67C /* Resources */ = {
			isa = PBXResourcesBuildPhase;
			buildActionMask = 2147483647;
			files = (
				28A4ECBC218C3E8D006BA67C /* LaunchScreen.storyboard in Resources */,
				28A4ECB9218C3E8D006BA67C /* Assets.xcassets in Resources */,
				28A4ECB4218C3E8D006BA67C /* Main.storyboard in Resources */,
			);
			runOnlyForDeploymentPostprocessing = 0;
		};
/* End PBXResourcesBuildPhase section */

/* Begin PBXSourcesBuildPhase section */
		28A4ECA7218C3E8D006BA67C /* Sources */ = {
			isa = PBXSourcesBuildPhase;
			buildActionMask = 2147483647;
			files = (
				28A4ECC8218C4163006BA67C /* Contacts.swift in Sources */,
				28A4ECCA218C4268006BA67C /* ConTableViewCell.swift in Sources */,
				28A4ECD0218C54D7006BA67C /* Contacts+CoreDataProperties.swift in Sources */,
				28A4ECCC218C4E1C006BA67C /* EnterContactViewController.swift in Sources */,
				28A4ECCF218C54D7006BA67C /* Contacts+CoreDataClass.swift in Sources */,
				28A4ECB7218C3E8D006BA67C /* pb1.xcdatamodeld in Sources */,
				28A4ECB1218C3E8D006BA67C /* ViewController.swift in Sources */,
				28A4ECAF218C3E8D006BA67C /* AppDelegate.swift in Sources */,
			);
			runOnlyForDeploymentPostprocessing = 0;
		};
/* End PBXSourcesBuildPhase section */

/* Begin PBXVariantGroup section */
		28A4ECB2218C3E8D006BA67C /* Main.storyboard */ = {
			isa = PBXVariantGroup;
			children = (
				28A4ECB3218C3E8D006BA67C /* Base */,
			);
			name = Main.storyboard;
			sourceTree = "<group>";
		};
		28A4ECBA218C3E8D006BA67C /* LaunchScreen.storyboard */ = {
			isa = PBXVariantGroup;
			children = (
				28A4ECBB218C3E8D006BA67C /* Base */,
			);
			name = LaunchScreen.storyboard;
			sourceTree = "<group>";
		};
/* End PBXVariantGroup section */

/* Begin XCBuildConfiguration section */
		28A4ECBE218C3E8D006BA67C /* Debug */ = {
			isa = XCBuildConfiguration;
			buildSettings = {
				ALWAYS_SEARCH_USER_PATHS = NO;
				CLANG_ANALYZER_NONNULL = YES;
				CLANG_ANALYZER_NUMBER_OBJECT_CONVERSION = YES_AGGRESSIVE;
				CLANG_CXX_LANGUAGE_STANDARD = "gnu++14";
				CLANG_CXX_LIBRARY = "libc++";
				CLANG_ENABLE_MODULES = YES;
				CLANG_ENABLE_OBJC_ARC = YES;
				CLANG_ENABLE_OBJC_WEAK = YES;
				CLANG_WARN_BLOCK_CAPTURE_AUTORELEASING = YES;
				CLANG_WARN_BOOL_CONVERSION = YES;
				CLANG_WARN_COMMA = YES;
				CLANG_WARN_CONSTANT_CONVERSION = YES;
				CLANG_WARN_DEPRECATED_OBJC_IMPLEMENTATIONS = YES;
				CLANG_WARN_DIRECT_OBJC_ISA_USAGE = YES_ERROR;
				CLANG_WARN_DOCUMENTATION_COMMENTS = YES;
				CLANG_WARN_EMPTY_BODY = YES;
				CLANG_WARN_ENUM_CONVERSION = YES;
				CLANG_WARN_INFINITE_RECURSION = YES;
				CLANG_WARN_INT_CONVERSION = YES;
				CLANG_WARN_NON_LITERAL_NULL_CONVERSION = YES;
				CLANG_WARN_OBJC_IMPLICIT_RETAIN_SELF = YES;
				CLANG_WARN_OBJC_LITERAL_CONVERSION = YES;
				CLANG_WARN_OBJC_ROOT_CLASS = YES_ERROR;
				CLANG_WARN_RANGE_LOOP_ANALYSIS = YES;
				CLANG_WARN_STRICT_PROTOTYPES = YES;
				CLANG_WARN_SUSPICIOUS_MOVE = YES;
				CLANG_WARN_UNGUARDED_AVAILABILITY = YES_AGGRESSIVE;
				CLANG_WARN_UNREACHABLE_CODE = YES;
				CLANG_WARN__DUPLICATE_METHOD_MATCH = YES;
				CODE_SIGN_IDENTITY = "iPhone Developer";
				COPY_PHASE_STRIP = NO;
				DEBUG_INFORMATION_FORMAT = dwarf;
				ENABLE_STRICT_OBJC_MSGSEND = YES;
				ENABLE_TESTABILITY = YES;
				GCC_C_LANGUAGE_STANDARD = gnu11;
				GCC_DYNAMIC_NO_PIC = NO;
				GCC_NO_COMMON_BLOCKS = YES;
				GCC_OPTIMIZATION_LEVEL = 0;
				GCC_PREPROCESSOR_DEFINITIONS = (
					"DEBUG=1",
					"$(inherited)",
				);
				GCC_WARN_64_TO_32_BIT_CONVERSION = YES;
				GCC_WARN_ABOUT_RETURN_TYPE = YES_ERROR;
				GCC_WARN_UNDECLARED_SELECTOR = YES;
				GCC_WARN_UNINITIALIZED_AUTOS = YES_AGGRESSIVE;
				GCC_WARN_UNUSED_FUNCTION = YES;
				GCC_WARN_UNUSED_VARIABLE = YES;
				IPHONEOS_DEPLOYMENT_TARGET = 12.0;
				MTL_ENABLE_DEBUG_INFO = INCLUDE_SOURCE;
				MTL_FAST_MATH = YES;
				ONLY_ACTIVE_ARCH = YES;
				SDKROOT = iphoneos;
				SWIFT_ACTIVE_COMPILATION_CONDITIONS = DEBUG;
				SWIFT_OPTIMIZATION_LEVEL = "-Onone";
			};
			name = Debug;
		};
		28A4ECBF218C3E8D006BA67C /* Release */ = {
			isa = XCBuildConfiguration;
			buildSettings = {
				ALWAYS_SEARCH_USER_PATHS = NO;
				CLANG_ANALYZER_NONNULL = YES;
				CLANG_ANALYZER_NUMBER_OBJECT_CONVERSION = YES_AGGRESSIVE;
				CLANG_CXX_LANGUAGE_STANDARD = "gnu++14";
				CLANG_CXX_LIBRARY = "libc++";
				CLANG_ENABLE_MODULES = YES;
				CLANG_ENABLE_OBJC_ARC = YES;
				CLANG_ENABLE_OBJC_WEAK = YES;
				CLANG_WARN_BLOCK_CAPTURE_AUTORELEASING = YES;
				CLANG_WARN_BOOL_CONVERSION = YES;
				CLANG_WARN_COMMA = YES;
				CLANG_WARN_CONSTANT_CONVERSION = YES;
				CLANG_WARN_DEPRECATED_OBJC_IMPLEMENTATIONS = YES;
				CLANG_WARN_DIRECT_OBJC_ISA_USAGE = YES_ERROR;
				CLANG_WARN_DOCUMENTATION_COMMENTS = YES;
				CLANG_WARN_EMPTY_BODY = YES;
				CLANG_WARN_ENUM_CONVERSION = YES;
				CLANG_WARN_INFINITE_RECURSION = YES;
				CLANG_WARN_INT_CONVERSION = YES;
				CLANG_WARN_NON_LITERAL_NULL_CONVERSION = YES;
				CLANG_WARN_OBJC_IMPLICIT_RETAIN_SELF = YES;
				CLANG_WARN_OBJC_LITERAL_CONVERSION = YES;
				CLANG_WARN_OBJC_ROOT_CLASS = YES_ERROR;
				CLANG_WARN_RANGE_LOOP_ANALYSIS = YES;
				CLANG_WARN_STRICT_PROTOTYPES = YES;
				CLANG_WARN_SUSPICIOUS_MOVE = YES;
				CLANG_WARN_UNGUARDED_AVAILABILITY = YES_AGGRESSIVE;
				CLANG_WARN_UNREACHABLE_CODE = YES;
				CLANG_WARN__DUPLICATE_METHOD_MATCH = YES;
				CODE_SIGN_IDENTITY = "iPhone Developer";
				COPY_PHASE_STRIP = NO;
				DEBUG_INFORMATION_FORMAT = "dwarf-with-dsym";
				ENABLE_NS_ASSERTIONS = NO;
				ENABLE_STRICT_OBJC_MSGSEND = YES;
				GCC_C_LANGUAGE_STANDARD = gnu11;
				GCC_NO_COMMON_BLOCKS = YES;
				GCC_WARN_64_TO_32_BIT_CONVERSION = YES;
				GCC_WARN_ABOUT_RETURN_TYPE = YES_ERROR;
				GCC_WARN_UNDECLARED_SELECTOR = YES;
				GCC_WARN_UNINITIALIZED_AUTOS = YES_AGGRESSIVE;
				GCC_WARN_UNUSED_FUNCTION = YES;
				GCC_WARN_UNUSED_VARIABLE = YES;
				IPHONEOS_DEPLOYMENT_TARGET = 12.0;
				MTL_ENABLE_DEBUG_INFO = NO;
				MTL_FAST_MATH = YES;
				SDKROOT = iphoneos;
				SWIFT_COMPILATION_MODE = wholemodule;
				SWIFT_OPTIMIZATION_LEVEL = "-O";
				VALIDATE_PRODUCT = YES;
			};
			name = Release;
		};
		28A4ECC1218C3E8D006BA67C /* Debug */ = {
			isa = XCBuildConfiguration;
			buildSettings = {
				ASSETCATALOG_COMPILER_APPICON_NAME = AppIcon;
				CODE_SIGN_STYLE = Automatic;
				DEVELOPMENT_TEAM = 4755664329;
				INFOPLIST_FILE = pb1/Info.plist;
				IPHONEOS_DEPLOYMENT_TARGET = 12.0;
				LD_RUNPATH_SEARCH_PATHS = (
					"$(inherited)",
					"@executable_path/Frameworks",
				);
				PRODUCT_BUNDLE_IDENTIFIER = exaact.pb1;
				PRODUCT_NAME = "$(TARGET_NAME)";
				SWIFT_VERSION = 4.2;
				TARGETED_DEVICE_FAMILY = 1;
			};
			name = Debug;
		};
		28A4ECC2218C3E8D006BA67C /* Release */ = {
			isa = XCBuildConfiguration;
			buildSettings = {
				ASSETCATALOG_COMPILER_APPICON_NAME = AppIcon;
				CODE_SIGN_STYLE = Automatic;
				DEVELOPMENT_TEAM = 4755664329;
				INFOPLIST_FILE = pb1/Info.plist;
				IPHONEOS_DEPLOYMENT_TARGET = 12.0;
				LD_RUNPATH_SEARCH_PATHS = (
					"$(inherited)",
					"@executable_path/Frameworks",
				);
				PRODUCT_BUNDLE_IDENTIFIER = exaact.pb1;
				PRODUCT_NAME = "$(TARGET_NAME)";
				SWIFT_VERSION = 4.2;
				TARGETED_DEVICE_FAMILY = 1;
			};
			name = Release;
		};
/* End XCBuildConfiguration section */

/* Begin XCConfigurationList section */
		28A4ECA6218C3E8D006BA67C /* Build configuration list for PBXProject "pb1" */ = {
			isa = XCConfigurationList;
			buildConfigurations = (
				28A4ECBE218C3E8D006BA67C /* Debug */,
				28A4ECBF218C3E8D006BA67C /* Release */,
			);
			defaultConfigurationIsVisible = 0;
			defaultConfigurationName = Release;
		};
		28A4ECC0218C3E8D006BA67C /* Build configuration list for PBXNativeTarget "pb1" */ = {
			isa = XCConfigurationList;
			buildConfigurations = (
				28A4ECC1218C3E8D006BA67C /* Debug */,
				28A4ECC2218C3E8D006BA67C /* Release */,
			);
			defaultConfigurationIsVisible = 0;
			defaultConfigurationName = Release;
		};
/* End XCConfigurationList section */

/* Begin XCVersionGroup section */
		28A4ECB5218C3E8D006BA67C /* pb1.xcdatamodeld */ = {
			isa = XCVersionGroup;
			children = (
				28A4ECB6218C3E8D006BA67C /* pb1.xcdatamodel */,
			);
			currentVersion = 28A4ECB6218C3E8D006BA67C /* pb1.xcdatamodel */;
			path = pb1.xcdatamodeld;
			sourceTree = "<group>";
			versionGroupType = wrapper.xcdatamodel;
		};
/* End XCVersionGroup section */
	};
	rootObject = 28A4ECA3218C3E8D006BA67C /* Project object */;
}
